
Microsoft Visual Studio Solution File, Format Version 12.00
# Visual Studio Version 17
VisualStudioVersion = 17.14.36301.6 d17.14
MinimumVisualStudioVersion = 10.0.40219.1
Project("{FAE04EC0-301F-11D3-BF4B-00C04F79EFBC}") = "ResourceBookingSystem", "ResourceBookingSystem\ResourceBookingSystem.csproj", "{42415679-E270-4282-BD96-957CC4C005BB}"
EndProject
Global
	GlobalSection(SolutionConfigurationPlatforms) = preSolution
		Debug|Any CPU = Debug|Any CPU
		Release|Any CPU = Release|Any CPU
	EndGlobalSection
	GlobalSection(ProjectConfigurationPlatforms) = postSolution
		{42415679-E270-4282-BD96-957CC4C005BB}.Debug|Any CPU.ActiveCfg = Debug|Any CPU
		{42415679-E270-4282-BD96-957CC4C005BB}.Debug|Any CPU.Build.0 = Debug|Any CPU
		{42415679-E270-4282-BD96-957CC4C005BB}.Release|Any CPU.ActiveCfg = Release|Any CPU
		{42415679-E270-4282-BD96-957CC4C005BB}.Release|Any CPU.Build.0 = Release|Any CPU
	EndGlobalSection
	GlobalSection(SolutionProperties) = preSolution
		HideSolutionNode = FALSE
	EndGlobalSection
	GlobalSection(ExtensibilityGlobals) = postSolution
		SolutionGuid = {A0A32704-7166-4DB6-B69D-79AC0A4E1313}
	EndGlobalSection
EndGlobal
